
Microsoft Visual Studio Solution File, Format Version 12.00
# Visual Studio 15
VisualStudioVersion = 15.0.27428.2043
MinimumVisualStudioVersion = 10.0.40219.1
Project("{FAE04EC0-301F-11D3-BF4B-00C04F79EFBC}") = "RequestAbortRepro", "RequestAbortRepro\RequestAbortRepro.csproj", "{50A21DF9-A82C-4EC2-A5B5-28B43AEFB614}"
EndProject
Global
	GlobalSection(SolutionConfigurationPlatforms) = preSolution
		Debug|Any CPU = Debug|Any CPU
		Release|Any CPU = Release|Any CPU
	EndGlobalSection
	GlobalSection(ProjectConfigurationPlatforms) = postSolution
		{50A21DF9-A82C-4EC2-A5B5-28B43AEFB614}.Debug|Any CPU.ActiveCfg = Debug|Any CPU
		{50A21DF9-A82C-4EC2-A5B5-28B43AEFB614}.Debug|Any CPU.Build.0 = Debug|Any CPU
		{50A21DF9-A82C-4EC2-A5B5-28B43AEFB614}.Release|Any CPU.ActiveCfg = Release|Any CPU
		{50A21DF9-A82C-4EC2-A5B5-28B43AEFB614}.Release|Any CPU.Build.0 = Release|Any CPU
	EndGlobalSection
	GlobalSection(SolutionProperties) = preSolution
		HideSolutionNode = FALSE
	EndGlobalSection
	GlobalSection(ExtensibilityGlobals) = postSolution
		SolutionGuid = {1386047F-C75A-4252-A368-E7AB3865E6D3}
	EndGlobalSection
EndGlobal
